
Microsoft Visual Studio Solution File, Format Version 12.00
# Visual Studio 15
Project("{FAE04EC0-301F-11D3-BF4B-00C04F79EFBC}") = "1-PrimeiroProjeto", "1-PrimeiroProjeto\1-PrimeiroProjeto.csproj", "{B3BC7D03-4B9A-469F-BDAD-50BD02707302}"
EndProject
Global
	GlobalSection(SolutionConfigurationPlatforms) = preSolution
		Debug|anycpu = Debug|anycpu
		Release|anycpu = Release|anycpu
	EndGlobalSection
	GlobalSection(ProjectConfigurationPlatforms) = postSolution
		{B3BC7D03-4B9A-469F-BDAD-50BD02707302}.Debug|anycpu.ActiveCfg = Debug|anycpu
		{B3BC7D03-4B9A-469F-BDAD-50BD02707302}.Debug|anycpu.Build.0 = Debug|anycpu
		{B3BC7D03-4B9A-469F-BDAD-50BD02707302}.Release|anycpu.ActiveCfg = Release|anycpu
		{B3BC7D03-4B9A-469F-BDAD-50BD02707302}.Release|anycpu.Build.0 = Release|anycpu
	EndGlobalSection
EndGlobal
